// !$*UTF8*$!
{
	archiveVersion = 1;
	classes = {
	};
	objectVersion = 55;
	objects = {

/* Begin PBXBuildFile section */
		E6464B2D285614F0008C288D /* Radio_SihinaApp.swift in Sources */ = {isa = PBXBuildFile; fileRef = E6464B2C285614F0008C288D /* Radio_SihinaApp.swift */; };
		E6464B2F285614F0008C288D /* ContentView.swift in Sources */ = {isa = PBXBuildFile; fileRef = E6464B2E285614F0008C288D /* ContentView.swift */; };
		E6464B31285614F0008C288D /* Assets.xcassets in Resources */ = {isa = PBXBuildFile; fileRef = E6464B30285614F0008C288D /* Assets.xcassets */; };
		E6464B34285614F0008C288D /* Preview Assets.xcassets in Resources */ = {isa = PBXBuildFile; fileRef = E6464B33285614F0008C288D /* Preview Assets.xcassets */; };
		E6464B3E285614F1008C288D /* Radio_SihinaTests.swift in Sources */ = {isa = PBXBuildFile; fileRef = E6464B3D285614F1008C288D /* Radio_SihinaTests.swift */; };
		E6464B48285614F1008C288D /* Radio_SihinaUITests.swift in Sources */ = {isa = PBXBuildFile; fileRef = E6464B47285614F1008C288D /* Radio_SihinaUITests.swift */; };
		E6464B4A285614F1008C288D /* Radio_SihinaUITestsLaunchTests.swift in Sources */ = {isa = PBXBuildFile; fileRef = E6464B49285614F1008C288D /* Radio_SihinaUITestsLaunchTests.swift */; };
/* End PBXBuildFile section */

/* Begin PBXContainerItemProxy section */
		E6464B3A285614F1008C288D /* PBXContainerItemProxy */ = {
			isa = PBXContainerItemProxy;
			containerPortal = E6464B21285614F0008C288D /* Project object */;
			proxyType = 1;
			remoteGlobalIDString = E6464B28285614F0008C288D;
			remoteInfo = "Radio Sihina";
		};
		E6464B44285614F1008C288D /* PBXContainerItemProxy */ = {
			isa = PBXContainerItemProxy;
			containerPortal = E6464B21285614F0008C288D /* Project object */;
			proxyType = 1;
			remoteGlobalIDString = E6464B28285614F0008C288D;
			remoteInfo = "Radio Sihina";
		};
/* End PBXContainerItemProxy section */

/* Begin PBXFileReference section */
		E6464B29285614F0008C288D /* Radio Sihina.app */ = {isa = PBXFileReference; explicitFileType = wrapper.application; includeInIndex = 0; path = "Radio Sihina.app"; sourceTree = BUILT_PRODUCTS_DIR; };
		E6464B2C285614F0008C288D /* Radio_SihinaApp.swift */ = {isa = PBXFileReference; lastKnownFileType = sourcecode.swift; path = Radio_SihinaApp.swift; sourceTree = "<group>"; };
		E6464B2E285614F0008C288D /* ContentView.swift */ = {isa = PBXFileReference; lastKnownFileType = sourcecode.swift; path = ContentView.swift; sourceTree = "<group>"; };
		E6464B30285614F0008C288D /* Assets.xcassets */ = {isa = PBXFileReference; lastKnownFileType = folder.assetcatalog; path = Assets.xcassets; sourceTree = "<group>"; };
		E6464B33285614F0008C288D /* Preview Assets.xcassets */ = {isa = PBXFileReference; lastKnownFileType = folder.assetcatalog; path = "Preview Assets.xcassets"; sourceTree = "<group>"; };
		E6464B39285614F1008C288D /* Radio SihinaTests.xctest */ = {isa = PBXFileReference; explicitFileType = wrapper.cfbundle; includeInIndex = 0; path = "Radio SihinaTests.xctest"; sourceTree = BUILT_PRODUCTS_DIR; };
		E6464B3D285614F1008C288D /* Radio_SihinaTests.swift */ = {isa = PBXFileReference; lastKnownFileType = sourcecode.swift; path = Radio_SihinaTests.swift; sourceTree = "<group>"; };
		E6464B43285614F1008C288D /* Radio SihinaUITests.xctest */ = {isa = PBXFileReference; explicitFileType = wrapper.cfbundle; includeInIndex = 0; path = "Radio SihinaUITests.xctest"; sourceTree = BUILT_PRODUCTS_DIR; };
		E6464B47285614F1008C288D /* Radio_SihinaUITests.swift */ = {isa = PBXFileReference; lastKnownFileType = sourcecode.swift; path = Radio_SihinaUITests.swift; sourceTree = "<group>"; };
		E6464B49285614F1008C288D /* Radio_SihinaUITestsLaunchTests.swift */ = {isa = PBXFileReference; lastKnownFileType = sourcecode.swift; path = Radio_SihinaUITestsLaunchTests.swift; sourceTree = "<group>"; };
/* End PBXFileReference section */

/* Begin PBXFrameworksBuildPhase section */
		E6464B26285614F0008C288D /* Frameworks */ = {
			isa = PBXFrameworksBuildPhase;
			buildActionMask = 2147483647;
			files = (
			);
			runOnlyForDeploymentPostprocessing = 0;
		};
		E6464B36285614F1008C288D /* Frameworks */ = {
			isa = PBXFrameworksBuildPhase;
			buildActionMask = 2147483647;
			files = (
			);
			runOnlyForDeploymentPostprocessing = 0;
		};
		E6464B40285614F1008C288D /* Frameworks */ = {
			isa = PBXFrameworksBuildPhase;
			buildActionMask = 2147483647;
			files = (
			);
			runOnlyForDeploymentPostprocessing = 0;
		};
/* End PBXFrameworksBuildPhase section */

/* Begin PBXGroup section */
		E6464B20285614F0008C288D = {
			isa = PBXGroup;
			children = (
				E6464B2B285614F0008C288D /* Radio Sihina */,
				E6464B3C285614F1008C288D /* Radio SihinaTests */,
				E6464B46285614F1008C288D /* Radio SihinaUITests */,
				E6464B2A285614F0008C288D /* Products */,
			);
			sourceTree = "<group>";
		};
		E6464B2A285614F0008C288D /* Products */ = {
			isa = PBXGroup;
			children = (
				E6464B29285614F0008C288D /* Radio Sihina.app */,
				E6464B39285614F1008C288D /* Radio SihinaTests.xctest */,
				E6464B43285614F1008C288D /* Radio SihinaUITests.xctest */,
			);
			name = Products;
			sourceTree = "<group>";
		};
		E6464B2B285614F0008C288D /* Radio Sihina */ = {
			isa = PBXGroup;
			children = (
				E6464B2C285614F0008C288D /* Radio_SihinaApp.swift */,
				E6464B2E285614F0008C288D /* ContentView.swift */,
				E6464B30285614F0008C288D /* Assets.xcassets */,
				E6464B32285614F0008C288D /* Preview Content */,
			);
			path = "Radio Sihina";
			sourceTree = "<group>";
		};
		E6464B32285614F0008C288D /* Preview Content */ = {
			isa = PBXGroup;
			children = (
				E6464B33285614F0008C288D /* Preview Assets.xcassets */,
			);
			path = "Preview Content";
			sourceTree = "<group>";
		};
		E6464B3C285614F1008C288D /* Radio SihinaTests */ = {
			isa = PBXGroup;
			children = (
				E6464B3D285614F1008C288D /* Radio_SihinaTests.swift */,
			);
			path = "Radio SihinaTests";
			sourceTree = "<group>";
		};
		E6464B46285614F1008C288D /* Radio SihinaUITests */ = {
			isa = PBXGroup;
			children = (
				E6464B47285614F1008C288D /* Radio_SihinaUITests.swift */,
				E6464B49285614F1008C288D /* Radio_SihinaUITestsLaunchTests.swift */,
			);
			path = "Radio SihinaUITests";
			sourceTree = "<group>";
		};
/* End PBXGroup section */

/* Begin PBXNativeTarget section */
		E6464B28285614F0008C288D /* Radio Sihina */ = {
			isa = PBXNativeTarget;
			buildConfigurationList = E6464B4D285614F1008C288D /* Build configuration list for PBXNativeTarget "Radio Sihina" */;
			buildPhases = (
				E6464B25285614F0008C288D /* Sources */,
				E6464B26285614F0008C288D /* Frameworks */,
				E6464B27285614F0008C288D /* Resources */,
			);
			buildRules = (
			);
			dependencies = (
			);
			name = "Radio Sihina";
			productName = "Radio Sihina";
			productReference = E6464B29285614F0008C288D /* Radio Sihina.app */;
			productType = "com.apple.product-type.application";
		};
		E6464B38285614F1008C288D /* Radio SihinaTests */ = {
			isa = PBXNativeTarget;
			buildConfigurationList = E6464B50285614F1008C288D /* Build configuration list for PBXNativeTarget "Radio SihinaTests" */;
			buildPhases = (
				E6464B35285614F1008C288D /* Sources */,
				E6464B36285614F1008C288D /* Frameworks */,
				E6464B37285614F1008C288D /* Resources */,
			);
			buildRules = (
			);
			dependencies = (
				E6464B3B285614F1008C288D /* PBXTargetDependency */,
			);
			name = "Radio SihinaTests";
			productName = "Radio SihinaTests";
			productReference = E6464B39285614F1008C288D /* Radio SihinaTests.xctest */;
			productType = "com.apple.product-type.bundle.unit-test";
		};
		E6464B42285614F1008C288D /* Radio SihinaUITests */ = {
			isa = PBXNativeTarget;
			buildConfigurationList = E6464B53285614F1008C288D /* Build configuration list for PBXNativeTarget "Radio SihinaUITests" */;
			buildPhases = (
				E6464B3F285614F1008C288D /* Sources */,
				E6464B40285614F1008C288D /* Frameworks */,
				E6464B41285614F1008C288D /* Resources */,
			);
			buildRules = (
			);
			dependencies = (
				E6464B45285614F1008C288D /* PBXTargetDependency */,
			);
			name = "Radio SihinaUITests";
			productName = "Radio SihinaUITests";
			productReference = E6464B43285614F1008C288D /* Radio SihinaUITests.xctest */;
			productType = "com.apple.product-type.bundle.ui-testing";
		};
/* End PBXNativeTarget section */

/* Begin PBXProject section */
		E6464B21285614F0008C288D /* Project object */ = {
			isa = PBXProject;
			attributes = {
				BuildIndependentTargetsInParallel = 1;
				LastSwiftUpdateCheck = 1340;
				LastUpgradeCheck = 1340;
				TargetAttributes = {
					E6464B28285614F0008C288D = {
						CreatedOnToolsVersion = 13.4.1;
					};
					E6464B38285614F1008C288D = {
						CreatedOnToolsVersion = 13.4.1;
						TestTargetID = E6464B28285614F0008C288D;
					};
					E6464B42285614F1008C288D = {
						CreatedOnToolsVersion = 13.4.1;
						TestTargetID = E6464B28285614F0008C288D;
					};
				};
			};
			buildConfigurationList = E6464B24285614F0008C288D /* Build configuration list for PBXProject "Radio Sihina" */;
			compatibilityVersion = "Xcode 13.0";
			developmentRegion = en;
			hasScannedForEncodings = 0;
			knownRegions = (
				en,
				Base,
			);
			mainGroup = E6464B20285614F0008C288D;
			productRefGroup = E6464B2A285614F0008C288D /* Products */;
			projectDirPath = "";
			projectRoot = "";
			targets = (
				E6464B28285614F0008C288D /* Radio Sihina */,
				E6464B38285614F1008C288D /* Radio SihinaTests */,
				E6464B42285614F1008C288D /* Radio SihinaUITests */,
			);
		};
/* End PBXProject section */

/* Begin PBXResourcesBuildPhase section */
		E6464B27285614F0008C288D /* Resources */ = {
			isa = PBXResourcesBuildPhase;
			buildActionMask = 2147483647;
			files = (
				E6464B34285614F0008C288D /* Preview Assets.xcassets in Resources */,
				E6464B31285614F0008C288D /* Assets.xcassets in Resources */,
			);
			runOnlyForDeploymentPostprocessing = 0;
		};
		E6464B37285614F1008C288D /* Resources */ = {
			isa = PBXResourcesBuildPhase;
			buildActionMask = 2147483647;
			files = (
			);
			runOnlyForDeploymentPostprocessing = 0;
		};
		E6464B41285614F1008C288D /* Resources */ = {
			isa = PBXResourcesBuildPhase;
			buildActionMask = 2147483647;
			files = (
			);
			runOnlyForDeploymentPostprocessing = 0;
		};
/* End PBXResourcesBuildPhase section */

/* Begin PBXSourcesBuildPhase section */
		E6464B25285614F0008C288D /* Sources */ = {
			isa = PBXSourcesBuildPhase;
			buildActionMask = 2147483647;
			files = (
				E6464B2F285614F0008C288D /* ContentView.swift in Sources */,
				E6464B2D285614F0008C288D /* Radio_SihinaApp.swift in Sources */,
			);
			runOnlyForDeploymentPostprocessing = 0;
		};
		E6464B35285614F1008C288D /* Sources */ = {
			isa = PBXSourcesBuildPhase;
			buildActionMask = 2147483647;
			files = (
				E6464B3E285614F1008C288D /* Radio_SihinaTests.swift in Sources */,
			);
			runOnlyForDeploymentPostprocessing = 0;
		};
		E6464B3F285614F1008C288D /* Sources */ = {
			isa = PBXSourcesBuildPhase;
			buildActionMask = 2147483647;
			files = (
				E6464B4A285614F1008C288D /* Radio_SihinaUITestsLaunchTests.swift in Sources */,
				E6464B48285614F1008C288D /* Radio_SihinaUITests.swift in Sources */,
			);
			runOnlyForDeploymentPostprocessing = 0;
		};
/* End PBXSourcesBuildPhase section */

/* Begin PBXTargetDependency section */
		E6464B3B285614F1008C288D /* PBXTargetDependency */ = {
			isa = PBXTargetDependency;
			target = E6464B28285614F0008C288D /* Radio Sihina */;
			targetProxy = E6464B3A285614F1008C288D /* PBXContainerItemProxy */;
		};
		E6464B45285614F1008C288D /* PBXTargetDependency */ = {
			isa = PBXTargetDependency;
			target = E6464B28285614F0008C288D /* Radio Sihina */;
			targetProxy = E6464B44285614F1008C288D /* PBXContainerItemProxy */;
		};
/* End PBXTargetDependency section */

/* Begin XCBuildConfiguration section */
		E6464B4B285614F1008C288D /* Debug */ = {
			isa = XCBuildConfiguration;
			buildSettings = {
				ALWAYS_SEARCH_USER_PATHS = NO;
				CLANG_ANALYZER_NONNULL = YES;
				CLANG_ANALYZER_NUMBER_OBJECT_CONVERSION = YES_AGGRESSIVE;
				CLANG_CXX_LANGUAGE_STANDARD = "gnu++17";
				CLANG_ENABLE_MODULES = YES;
				CLANG_ENABLE_OBJC_ARC = YES;
				CLANG_ENABLE_OBJC_WEAK = YES;
				CLANG_WARN_BLOCK_CAPTURE_AUTORELEASING = YES;
				CLANG_WARN_BOOL_CONVERSION = YES;
				CLANG_WARN_COMMA = YES;
				CLANG_WARN_CONSTANT_CONVERSION = YES;
				CLANG_WARN_DEPRECATED_OBJC_IMPLEMENTATIONS = YES;
				CLANG_WARN_DIRECT_OBJC_ISA_USAGE = YES_ERROR;
				CLANG_WARN_DOCUMENTATION_COMMENTS = YES;
				CLANG_WARN_EMPTY_BODY = YES;
				CLANG_WARN_ENUM_CONVERSION = YES;
				CLANG_WARN_INFINITE_RECURSION = YES;
				CLANG_WARN_INT_CONVERSION = YES;
				CLANG_WARN_NON_LITERAL_NULL_CONVERSION = YES;
				CLANG_WARN_OBJC_IMPLICIT_RETAIN_SELF = YES;
				CLANG_WARN_OBJC_LITERAL_CONVERSION = YES;
				CLANG_WARN_OBJC_ROOT_CLASS = YES_ERROR;
				CLANG_WARN_QUOTED_INCLUDE_IN_FRAMEWORK_HEADER = YES;
				CLANG_WARN_RANGE_LOOP_ANALYSIS = YES;
				CLANG_WARN_STRICT_PROTOTYPES = YES;
				CLANG_WARN_SUSPICIOUS_MOVE = YES;
				CLANG_WARN_UNGUARDED_AVAILABILITY = YES_AGGRESSIVE;
				CLANG_WARN_UNREACHABLE_CODE = YES;
				CLANG_WARN__DUPLICATE_METHOD_MATCH = YES;
				COPY_PHASE_STRIP = NO;
				DEBUG_INFORMATION_FORMAT = dwarf;
				ENABLE_STRICT_OBJC_MSGSEND = YES;
				ENABLE_TESTABILITY = YES;
				GCC_C_LANGUAGE_STANDARD = gnu11;
				GCC_DYNAMIC_NO_PIC = NO;
				GCC_NO_COMMON_BLOCKS = YES;
				GCC_OPTIMIZATION_LEVEL = 0;
				GCC_PREPROCESSOR_DEFINITIONS = (
					"DEBUG=1",
					"$(inherited)",
				);
				GCC_WARN_64_TO_32_BIT_CONVERSION = YES;
				GCC_WARN_ABOUT_RETURN_TYPE = YES_ERROR;
				GCC_WARN_UNDECLARED_SELECTOR = YES;
				GCC_WARN_UNINITIALIZED_AUTOS = YES_AGGRESSIVE;
				GCC_WARN_UNUSED_FUNCTION = YES;
				GCC_WARN_UNUSED_VARIABLE = YES;
				IPHONEOS_DEPLOYMENT_TARGET = 15.5;
				MTL_ENABLE_DEBUG_INFO = INCLUDE_SOURCE;
				MTL_FAST_MATH = YES;
				ONLY_ACTIVE_ARCH = YES;
				SDKROOT = iphoneos;
				SWIFT_ACTIVE_COMPILATION_CONDITIONS = DEBUG;
				SWIFT_OPTIMIZATION_LEVEL = "-Onone";
			};
			name = Debug;
		};
		E6464B4C285614F1008C288D /* Release */ = {
			isa = XCBuildConfiguration;
			buildSettings = {
				ALWAYS_SEARCH_USER_PATHS = NO;
				CLANG_ANALYZER_NONNULL = YES;
				CLANG_ANALYZER_NUMBER_OBJECT_CONVERSION = YES_AGGRESSIVE;
				CLANG_CXX_LANGUAGE_STANDARD = "gnu++17";
				CLANG_ENABLE_MODULES = YES;
				CLANG_ENABLE_OBJC_ARC = YES;
				CLANG_ENABLE_OBJC_WEAK = YES;
				CLANG_WARN_BLOCK_CAPTURE_AUTORELEASING = YES;
				CLANG_WARN_BOOL_CONVERSION = YES;
				CLANG_WARN_COMMA = YES;
				CLANG_WARN_CONSTANT_CONVERSION = YES;
				CLANG_WARN_DEPRECATED_OBJC_IMPLEMENTATIONS = YES;
				CLANG_WARN_DIRECT_OBJC_ISA_USAGE = YES_ERROR;
				CLANG_WARN_DOCUMENTATION_COMMENTS = YES;
				CLANG_WARN_EMPTY_BODY = YES;
				CLANG_WARN_ENUM_CONVERSION = YES;
				CLANG_WARN_INFINITE_RECURSION = YES;
				CLANG_WARN_INT_CONVERSION = YES;
				CLANG_WARN_NON_LITERAL_NULL_CONVERSION = YES;
				CLANG_WARN_OBJC_IMPLICIT_RETAIN_SELF = YES;
				CLANG_WARN_OBJC_LITERAL_CONVERSION = YES;
				CLANG_WARN_OBJC_ROOT_CLASS = YES_ERROR;
				CLANG_WARN_QUOTED_INCLUDE_IN_FRAMEWORK_HEADER = YES;
				CLANG_WARN_RANGE_LOOP_ANALYSIS = YES;
				CLANG_WARN_STRICT_PROTOTYPES = YES;
				CLANG_WARN_SUSPICIOUS_MOVE = YES;
				CLANG_WARN_UNGUARDED_AVAILABILITY = YES_AGGRESSIVE;
				CLANG_WARN_UNREACHABLE_CODE = YES;
				CLANG_WARN__DUPLICATE_METHOD_MATCH = YES;
				COPY_PHASE_STRIP = NO;
				DEBUG_INFORMATION_FORMAT = "dwarf-with-dsym";
				ENABLE_NS_ASSERTIONS = NO;
				ENABLE_STRICT_OBJC_MSGSEND = YES;
				GCC_C_LANGUAGE_STANDARD = gnu11;
				GCC_NO_COMMON_BLOCKS = YES;
				GCC_WARN_64_TO_32_BIT_CONVERSION = YES;
				GCC_WARN_ABOUT_RETURN_TYPE = YES_ERROR;
				GCC_WARN_UNDECLARED_SELECTOR = YES;
				GCC_WARN_UNINITIALIZED_AUTOS = YES_AGGRESSIVE;
				GCC_WARN_UNUSED_FUNCTION = YES;
				GCC_WARN_UNUSED_VARIABLE = YES;
				IPHONEOS_DEPLOYMENT_TARGET = 15.5;
				MTL_ENABLE_DEBUG_INFO = NO;
				MTL_FAST_MATH = YES;
				SDKROOT = iphoneos;
				SWIFT_COMPILATION_MODE = wholemodule;
				SWIFT_OPTIMIZATION_LEVEL = "-O";
				VALIDATE_PRODUCT = YES;
			};
			name = Release;
		};
		E6464B4E285614F1008C288D /* Debug */ = {
			isa = XCBuildConfiguration;
			buildSettings = {
				ASSETCATALOG_COMPILER_APPICON_NAME = AppIcon;
				ASSETCATALOG_COMPILER_GLOBAL_ACCENT_COLOR_NAME = AccentColor;
				CODE_SIGN_STYLE = Automatic;
				CURRENT_PROJECT_VERSION = 1;
				DEVELOPMENT_ASSET_PATHS = "\"Radio Sihina/Preview Content\"";
				DEVELOPMENT_TEAM = 4R5U39TG8C;
				ENABLE_PREVIEWS = YES;
				GENERATE_INFOPLIST_FILE = YES;
				INFOPLIST_KEY_UIApplicationSceneManifest_Generation = YES;
				INFOPLIST_KEY_UIApplicationSupportsIndirectInputEvents = YES;
				INFOPLIST_KEY_UILaunchScreen_Generation = YES;
				INFOPLIST_KEY_UISupportedInterfaceOrientations = UIInterfaceOrientationPortrait;
				INFOPLIST_KEY_UISupportedInterfaceOrientations_iPad = "UIInterfaceOrientationPortrait UIInterfaceOrientationPortraitUpsideDown UIInterfaceOrientationLandscapeLeft UIInterfaceOrientationLandscapeRight";
				INFOPLIST_KEY_UISupportedInterfaceOrientations_iPhone = "UIInterfaceOrientationPortrait UIInterfaceOrientationLandscapeLeft UIInterfaceOrientationLandscapeRight";
				LD_RUNPATH_SEARCH_PATHS = (
					"$(inherited)",
					"@executable_path/Frameworks",
				);
				MARKETING_VERSION = 1.0.0;
				PRODUCT_BUNDLE_IDENTIFIER = "lk.microlion.dev.Radio-Sihina";
				PRODUCT_NAME = "$(TARGET_NAME)";
				SWIFT_EMIT_LOC_STRINGS = YES;
				SWIFT_VERSION = 5.0;
				TARGETED_DEVICE_FAMILY = "1,2";
			};
			name = Debug;
		};
		E6464B4F285614F1008C288D /* Release */ = {
			isa = XCBuildConfiguration;
			buildSettings = {
				ASSETCATALOG_COMPILER_APPICON_NAME = AppIcon;
				ASSETCATALOG_COMPILER_GLOBAL_ACCENT_COLOR_NAME = AccentColor;
				CODE_SIGN_STYLE = Automatic;
				CURRENT_PROJECT_VERSION = 1;
				DEVELOPMENT_ASSET_PATHS = "\"Radio Sihina/Preview Content\"";
				DEVELOPMENT_TEAM = 4R5U39TG8C;
				ENABLE_PREVIEWS = YES;
				GENERATE_INFOPLIST_FILE = YES;
				INFOPLIST_KEY_UIApplicationSceneManifest_Generation = YES;
				INFOPLIST_KEY_UIApplicationSupportsIndirectInputEvents = YES;
				INFOPLIST_KEY_UILaunchScreen_Generation = YES;
				INFOPLIST_KEY_UISupportedInterfaceOrientations = UIInterfaceOrientationPortrait;
				INFOPLIST_KEY_UISupportedInterfaceOrientations_iPad = "UIInterfaceOrientationPortrait UIInterfaceOrientationPortraitUpsideDown UIInterfaceOrientationLandscapeLeft UIInterfaceOrientationLandscapeRight";
				INFOPLIST_KEY_UISupportedInterfaceOrientations_iPhone = "UIInterfaceOrientationPortrait UIInterfaceOrientationLandscapeLeft UIInterfaceOrientationLandscapeRight";
				LD_RUNPATH_SEARCH_PATHS = (
					"$(inherited)",
					"@executable_path/Frameworks",
				);
				MARKETING_VERSION = 1.0.0;
				PRODUCT_BUNDLE_IDENTIFIER = "lk.microlion.dev.Radio-Sihina";
				PRODUCT_NAME = "$(TARGET_NAME)";
				SWIFT_EMIT_LOC_STRINGS = YES;
				SWIFT_VERSION = 5.0;
				TARGETED_DEVICE_FAMILY = "1,2";
			};
			name = Release;
		};
		E6464B51285614F1008C288D /* Debug */ = {
			isa = XCBuildConfiguration;
			buildSettings = {
				ALWAYS_EMBED_SWIFT_STANDARD_LIBRARIES = YES;
				BUNDLE_LOADER = "$(TEST_HOST)";
				CODE_SIGN_STYLE = Automatic;
				CURRENT_PROJECT_VERSION = 1;
				DEVELOPMENT_TEAM = 4R5U39TG8C;
				GENERATE_INFOPLIST_FILE = YES;
				IPHONEOS_DEPLOYMENT_TARGET = 15.5;
				MARKETING_VERSION = 1.0;
				PRODUCT_BUNDLE_IDENTIFIER = "lk.microlion.dev.Radio-SihinaTests";
				PRODUCT_NAME = "$(TARGET_NAME)";
				SWIFT_EMIT_LOC_STRINGS = NO;
				SWIFT_VERSION = 5.0;
				TARGETED_DEVICE_FAMILY = "1,2";
				TEST_HOST = "$(BUILT_PRODUCTS_DIR)/Radio Sihina.app/Radio Sihina";
			};
			name = Debug;
		};
		E6464B52285614F1008C288D /* Release */ = {
			isa = XCBuildConfiguration;
			buildSettings = {
				ALWAYS_EMBED_SWIFT_STANDARD_LIBRARIES = YES;
				BUNDLE_LOADER = "$(TEST_HOST)";
				CODE_SIGN_STYLE = Automatic;
				CURRENT_PROJECT_VERSION = 1;
				DEVELOPMENT_TEAM = 4R5U39TG8C;
				GENERATE_INFOPLIST_FILE = YES;
				IPHONEOS_DEPLOYMENT_TARGET = 15.5;
				MARKETING_VERSION = 1.0;
				PRODUCT_BUNDLE_IDENTIFIER = "lk.microlion.dev.Radio-SihinaTests";
				PRODUCT_NAME = "$(TARGET_NAME)";
				SWIFT_EMIT_LOC_STRINGS = NO;
				SWIFT_VERSION = 5.0;
				TARGETED_DEVICE_FAMILY = "1,2";
				TEST_HOST = "$(BUILT_PRODUCTS_DIR)/Radio Sihina.app/Radio Sihina";
			};
			name = Release;
		};
		E6464B54285614F1008C288D /* Debug */ = {
			isa = XCBuildConfiguration;
			buildSettings = {
				ALWAYS_EMBED_SWIFT_STANDARD_LIBRARIES = YES;
				CODE_SIGN_STYLE = Automatic;
				CURRENT_PROJECT_VERSION = 1;
				DEVELOPMENT_TEAM = 4R5U39TG8C;
				GENERATE_INFOPLIST_FILE = YES;
				MARKETING_VERSION = 1.0;
				PRODUCT_BUNDLE_IDENTIFIER = "lk.microlion.dev.Radio-SihinaUITests";
				PRODUCT_NAME = "$(TARGET_NAME)";
				SWIFT_EMIT_LOC_STRINGS = NO;
				SWIFT_VERSION = 5.0;
				TARGETED_DEVICE_FAMILY = "1,2";
				TEST_TARGET_NAME = "Radio Sihina";
			};
			name = Debug;
		};
		E6464B55285614F1008C288D /* Release */ = {
			isa = XCBuildConfiguration;
			buildSettings = {
				ALWAYS_EMBED_SWIFT_STANDARD_LIBRARIES = YES;
				CODE_SIGN_STYLE = Automatic;
				CURRENT_PROJECT_VERSION = 1;
				DEVELOPMENT_TEAM = 4R5U39TG8C;
				GENERATE_INFOPLIST_FILE = YES;
				MARKETING_VERSION = 1.0;
				PRODUCT_BUNDLE_IDENTIFIER = "lk.microlion.dev.Radio-SihinaUITests";
				PRODUCT_NAME = "$(TARGET_NAME)";
				SWIFT_EMIT_LOC_STRINGS = NO;
				SWIFT_VERSION = 5.0;
				TARGETED_DEVICE_FAMILY = "1,2";
				TEST_TARGET_NAME = "Radio Sihina";
			};
			name = Release;
		};
/* End XCBuildConfiguration section */

/* Begin XCConfigurationList section */
		E6464B24285614F0008C288D /* Build configuration list for PBXProject "Radio Sihina" */ = {
			isa = XCConfigurationList;
			buildConfigurations = (
				E6464B4B285614F1008C288D /* Debug */,
				E6464B4C285614F1008C288D /* Release */,
			);
			defaultConfigurationIsVisible = 0;
			defaultConfigurationName = Release;
		};
		E6464B4D285614F1008C288D /* Build configuration list for PBXNativeTarget "Radio Sihina" */ = {
			isa = XCConfigurationList;
			buildConfigurations = (
				E6464B4E285614F1008C288D /* Debug */,
				E6464B4F285614F1008C288D /* Release */,
			);
			defaultConfigurationIsVisible = 0;
			defaultConfigurationName = Release;
		};
		E6464B50285614F1008C288D /* Build configuration list for PBXNativeTarget "Radio SihinaTests" */ = {
			isa = XCConfigurationList;
			buildConfigurations = (
				E6464B51285614F1008C288D /* Debug */,
				E6464B52285614F1008C288D /* Release */,
			);
			defaultConfigurationIsVisible = 0;
			defaultConfigurationName = Release;
		};
		E6464B53285614F1008C288D /* Build configuration list for PBXNativeTarget "Radio SihinaUITests" */ = {
			isa = XCConfigurationList;
			buildConfigurations = (
				E6464B54285614F1008C288D /* Debug */,
				E6464B55285614F1008C288D /* Release */,
			);
			defaultConfigurationIsVisible = 0;
			defaultConfigurationName = Release;
		};
/* End XCConfigurationList section */
	};
	rootObject = E6464B21285614F0008C288D /* Project object */;
}
